
Microsoft Visual Studio Solution File, Format Version 12.00
# Visual Studio 15
VisualStudioVersion = 15.0.28307.136
MinimumVisualStudioVersion = 10.0.40219.1
Project("{9A19103F-16F7-4668-BE54-9A1E7A4F7556}") = "Server", "Server\Server.csproj", "{328508BE-EA98-4FAF-9A08-6794A20BB108}"
EndProject
Project("{9A19103F-16F7-4668-BE54-9A1E7A4F7556}") = "Client", "Client\Client.csproj", "{EA236CE8-B766-4B83-A40E-6146B2E0FF49}"
EndProject
Global
	GlobalSection(SolutionConfigurationPlatforms) = preSolution
		Debug|Any CPU = Debug|Any CPU
		Release|Any CPU = Release|Any CPU
	EndGlobalSection
	GlobalSection(ProjectConfigurationPlatforms) = postSolution
		{328508BE-EA98-4FAF-9A08-6794A20BB108}.Debug|Any CPU.ActiveCfg = Debug|Any CPU
		{328508BE-EA98-4FAF-9A08-6794A20BB108}.Debug|Any CPU.Build.0 = Debug|Any CPU
		{328508BE-EA98-4FAF-9A08-6794A20BB108}.Release|Any CPU.ActiveCfg = Release|Any CPU
		{328508BE-EA98-4FAF-9A08-6794A20BB108}.Release|Any CPU.Build.0 = Release|Any CPU
		{EA236CE8-B766-4B83-A40E-6146B2E0FF49}.Debug|Any CPU.ActiveCfg = Debug|Any CPU
		{EA236CE8-B766-4B83-A40E-6146B2E0FF49}.Debug|Any CPU.Build.0 = Debug|Any CPU
		{EA236CE8-B766-4B83-A40E-6146B2E0FF49}.Release|Any CPU.ActiveCfg = Release|Any CPU
		{EA236CE8-B766-4B83-A40E-6146B2E0FF49}.Release|Any CPU.Build.0 = Release|Any CPU
	EndGlobalSection
	GlobalSection(SolutionProperties) = preSolution
		HideSolutionNode = FALSE
	EndGlobalSection
	GlobalSection(ExtensibilityGlobals) = postSolution
		SolutionGuid = {AF8E0611-074B-4446-A1EC-20657D0DDEC5}
	EndGlobalSection
EndGlobal
